<Solution>
  <Folder Name="/Solution Items/">
    <File Path=".editorconfig" />
  </Folder>
  <Project Path="ProxyForge/ProxyForge.csproj" />
  <Project Path="ProxyForge.Tests/ProxyForge.Tests.csproj" />
  <Project Path="YukkuriMovieMaker.Generator/YukkuriMovieMaker.Generator/YukkuriMovieMaker.Generator.csproj" />
  <Project Path="YukkuriMovieMaker.Generator/YukkuriMovieMaker.Generator.Build/YukkuriMovieMaker.Generator.Build.csproj">
    <BuildType Solution="*|*" Project="Debug" />
    <Platform Solution="*|*" Project="Any CPU" />
  </Project>
</Solution>
